version = 1
revision = 3
requires-python = "==3.12.13"

[[package]]
name = "altgraph"
version = "0.17.5"
source = { registry = "https://pypi.org/simple" }
sdist = { url = "https://files.pythonhosted.org/packages/7e/f8/97fdf103f38fed6792a1601dbc16cc8aac56e7459a9fff08c812d8ae177a/altgraph-0.17.5.tar.gz", hash = "sha256:c87b395dd12fabde9c99573a9749d67da8d29ef9de0125c7f536699b4a9bc9e7", size = 48428, upload-time = "2025-11-21T20:35:50.583Z" }
wheels = [
    { url = "https://files.pythonhosted.org/packages/a9/ba/000a1996d4308bc65120167c21241a3b205464a2e0b58deda26ae8ac21d1/altgraph-0.17.5-py2.py3-none-any.whl", hash = "sha256:f3a22400bce1b0c701683820ac4f3b159cd301acab067c51c653e06961600597", size = 21228, upload-time = "2025-11-21T20:35:49.444Z" },
]

[[package]]
name = "macholib"
version = "1.16.4"
source = { registry = "https://pypi.org/simple" }
dependencies = [
    { name = "altgraph" },
]
sdist = { url = "https://files.pythonhosted.org/packages/10/2f/97589876ea967487978071c9042518d28b958d87b17dceb7cdc1d881f963/macholib-1.16.4.tar.gz", hash = "sha256:f408c93ab2e995cd2c46e34fe328b130404be143469e41bc366c807448979362", size = 59427, upload-time = "2025-11-22T08:28:38.373Z" }
wheels = [
    { url = "https://files.pythonhosted.org/packages/c7/d1/a9f36f8ecdf0fb7c9b1e78c8d7af12b8c8754e74851ac7b94a8305540fc7/macholib-1.16.4-py2.py3-none-any.whl", hash = "sha256:da1a3fa8266e30f0ce7e97c6a54eefaae8edd1e5f86f3eb8b95457cae90265ea", size = 38117, upload-time = "2025-11-22T08:28:36.939Z" },
]

[[package]]
name = "modulegraph"
version = "0.19.7"
source = { registry = "https://pypi.org/simple" }
dependencies = [
    { name = "altgraph" },
    { name = "setuptools" },
]
sdist = { url = "https://files.pythonhosted.org/packages/20/fa/c471f46fa1696309b806d6c663d599525925a5c13cf1371a02587a265109/modulegraph-0.19.7.tar.gz", hash = "sha256:9ad8a81148ba1d90ade66617a153786f7d7cf6a88de83ee28e251183122c2a57", size = 88618, upload-time = "2025-11-22T08:22:43.858Z" }
wheels = [
    { url = "https://files.pythonhosted.org/packages/f1/c1/3eff0be83439f0408866eaacd4106c9d19b762cba66bcf0d0a523a6f6620/modulegraph-0.19.7-py2.py3-none-any.whl", hash = "sha256:139f89042c9912777ba4bbf1d5496591c6ad780110ea3082c11e8737cf82cacc", size = 35151, upload-time = "2025-11-22T08:22:42.239Z" },
]

[[package]]
name = "packaging"
version = "26.2"
source = { registry = "https://pypi.org/simple" }
sdist = { url = "https://files.pythonhosted.org/packages/d7/f1/e7a6dd94a8d4a5626c03e4e99c87f241ba9e350cd9e6d75123f992427270/packaging-26.2.tar.gz", hash = "sha256:ff452ff5a3e828ce110190feff1178bb1f2ea2281fa2075aadb987c2fb221661", size = 228134, upload-time = "2026-04-24T20:15:23.917Z" }
wheels = [
    { url = "https://files.pythonhosted.org/packages/df/b2/87e62e8c3e2f4b32e5fe99e0b86d576da1312593b39f47d8ceef365e95ed/packaging-26.2-py3-none-any.whl", hash = "sha256:5fc45236b9446107ff2415ce77c807cee2862cb6fac22b8a73826d0693b0980e", size = 100195, upload-time = "2026-04-24T20:15:22.081Z" },
]

[[package]]
name = "py2app"
version = "0.28.10"
source = { registry = "https://pypi.org/simple" }
dependencies = [
    { name = "altgraph" },
    { name = "macholib" },
    { name = "modulegraph" },
    { name = "packaging" },
]
sdist = { url = "https://files.pythonhosted.org/packages/93/82/79a2aaaf86c44c6018edce1a028cf821acec4c3ca63e2b5781f16822c99f/py2app-0.28.10.tar.gz", hash = "sha256:fd38f4a0083d4d1e91ea336eaef678b99d9e1b95ac6302315cad22fa5e859cb1", size = 1143601, upload-time = "2026-02-13T20:50:02.289Z" }
wheels = [
    { url = "https://files.pythonhosted.org/packages/be/d8/a04a88b182613370a262f674929f0e284ea04e1803f2d38fc5639fbec2d7/py2app-0.28.10-py3-none-any.whl", hash = "sha256:bdb0cd2cbfa5160b5b11b8d612f6eb92d484a0282801e85b159f1930cd834714", size = 837349, upload-time = "2026-02-13T20:49:59.98Z" },
]

[[package]]
name = "pyobjc-core"
version = "12.2"
source = { registry = "https://pypi.org/simple" }
sdist = { url = "https://files.pythonhosted.org/packages/2a/e8/a6cc12669211e7c9b29e8f26bf2159e67c7a73555dc229018abf46d8167a/pyobjc_core-12.2.tar.gz", hash = "sha256:51d7de4cfa32f508c6a7aac31f131b12d5e196a8dcf588e6e8d7e6337224f66d", size = 1062064, upload-time = "2026-05-30T12:29:55.417Z" }
wheels = [
    { url = "https://files.pythonhosted.org/packages/24/be/4771f4fd786f0e1a2bd6d8931a72a5f3929b7bb1b28a1fe6ca8a08371c55/pyobjc_core-12.2-cp312-cp312-macosx_10_13_universal2.whl", hash = "sha256:7677ed758a367bbbb5589d6f5276fb360a45c89168276c26162f61840b0fa03d", size = 6421145, upload-time = "2026-05-30T10:17:41.992Z" },
]

[[package]]
name = "pyobjc-framework-cocoa"
version = "12.2"
source = { registry = "https://pypi.org/simple" }
dependencies = [
    { name = "pyobjc-core" },
]
sdist = { url = "https://files.pythonhosted.org/packages/6d/cc/927169225e72bab9c9b44285656768fb75052a0bc85fdbca62740e1ca43c/pyobjc_framework_cocoa-12.2.tar.gz", hash = "sha256:20b392e2b7241caad0538dfde12143343e5dfe48f72e7df660a7548e635903dc", size = 3125555, upload-time = "2026-05-30T12:35:09.273Z" }
wheels = [
    { url = "https://files.pythonhosted.org/packages/30/66/5a91f2eddfced4f26bc2df2bcebb7f5f10c5bf5666aff6fa00ded845af07/pyobjc_framework_cocoa-12.2-cp312-cp312-macosx_10_13_universal2.whl", hash = "sha256:06cb92d97d1af9d1f459ae6cf1d1a7b824c12d3aff1b709885966acd6b7208c2", size = 388093, upload-time = "2026-05-30T11:58:14.921Z" },
]

[[package]]
name = "rumps"
version = "0.4.0"
source = { registry = "https://pypi.org/simple" }
dependencies = [
    { name = "pyobjc-framework-cocoa" },
]
sdist = { url = "https://files.pythonhosted.org/packages/b2/e2/2e6a47951290bd1a2831dcc50aec4b25d104c0cf00e8b7868cbd29cf3bfe/rumps-0.4.0.tar.gz", hash = "sha256:17fb33c21b54b1e25db0d71d1d793dc19dc3c0b7d8c79dc6d833d0cffc8b1596", size = 39257, upload-time = "2022-10-15T05:15:10.386Z" }

[[package]]
name = "setuptools"
version = "82.0.1"
source = { registry = "https://pypi.org/simple" }
sdist = { url = "https://files.pythonhosted.org/packages/4f/db/cfac1baf10650ab4d1c111714410d2fbb77ac5a616db26775db562c8fab2/setuptools-82.0.1.tar.gz", hash = "sha256:7d872682c5d01cfde07da7bccc7b65469d3dca203318515ada1de5eda35efbf9", size = 1152316, upload-time = "2026-03-09T12:47:17.221Z" }
wheels = [
    { url = "https://files.pythonhosted.org/packages/9d/76/f789f7a86709c6b087c5a2f52f911838cad707cc613162401badc665acfe/setuptools-82.0.1-py3-none-any.whl", hash = "sha256:a59e362652f08dcd477c78bb6e7bd9d80a7995bc73ce773050228a348ce2e5bb", size = 1006223, upload-time = "2026-03-09T12:47:15.026Z" },
]

[[package]]
name = "wheel"
version = "0.47.0"
source = { registry = "https://pypi.org/simple" }
dependencies = [
    { name = "packaging" },
]
sdist = { url = "https://files.pythonhosted.org/packages/39/62/75f18a0f03b4219c456652c7780e4d749b929eb605c098ce3a5b6b6bc081/wheel-0.47.0.tar.gz", hash = "sha256:cc72bd1009ba0cf63922e28f94d9d83b920aa2bb28f798a31d0691b02fa3c9b3", size = 63854, upload-time = "2026-04-22T15:51:27.727Z" }
wheels = [
    { url = "https://files.pythonhosted.org/packages/87/1b/9e33c09813d65e248f7f773119148a612516a4bea93e9c6f545f78455b7c/wheel-0.47.0-py3-none-any.whl", hash = "sha256:212281cab4dff978f6cedd499cd893e1f620791ca6ff7107cf270781e587eced", size = 32218, upload-time = "2026-04-22T15:51:26.296Z" },
]

[[package]]
name = "xmmanager-mb"
version = "0.1.0"
source = { editable = "." }
dependencies = [
    { name = "py2app" },
    { name = "rumps" },
    { name = "wheel" },
]

[package.metadata]
requires-dist = [
    { name = "py2app", specifier = ">=0.28.10" },
    { name = "rumps", specifier = ">=0.4.0" },
    { name = "wheel", specifier = ">=0.47.0" },
]
